
Microsoft Visual Studio Solution File, Format Version 12.00
# Visual Studio 15
VisualStudioVersion = 15.0.28307.757
MinimumVisualStudioVersion = 10.0.40219.1
Project("{FAE04EC0-301F-11D3-BF4B-00C04F79EFBC}") = "Hello", "Hello\Hello.csproj", "{5CF4C6B4-4DA0-4EFF-9836-F7BFBF9B3787}"
EndProject
Project("{FAE04EC0-301F-11D3-BF4B-00C04F79EFBC}") = "HomeWork", "HomeWork\HomeWork.csproj", "{15F88285-8B50-4B23-AD01-99672EEC1EDE}"
EndProject
Project("{FAE04EC0-301F-11D3-BF4B-00C04F79EFBC}") = "types", "types\types.csproj", "{53891666-0840-4512-80EC-880010E9D95E}"
EndProject
Project("{FAE04EC0-301F-11D3-BF4B-00C04F79EFBC}") = "DataTypes", "DataTypes\DataTypes.csproj", "{DD5D636A-4220-40A4-9ABB-5491E96BAA66}"
EndProject
Project("{FAE04EC0-301F-11D3-BF4B-00C04F79EFBC}") = "BigNumbers", "BigInt\BigNumbers.csproj", "{93DE9FE8-8580-46DB-9FB5-E172AAF80548}"
EndProject
Project("{FAE04EC0-301F-11D3-BF4B-00C04F79EFBC}") = "Array", "Array\Array.csproj", "{43E74711-A67B-45FF-BFD3-2BE8A60B383C}"
EndProject
Global
	GlobalSection(SolutionConfigurationPlatforms) = preSolution
		Debug|Any CPU = Debug|Any CPU
		Debug|x64 = Debug|x64
		Debug|x86 = Debug|x86
		Release|Any CPU = Release|Any CPU
		Release|x64 = Release|x64
		Release|x86 = Release|x86
	EndGlobalSection
	GlobalSection(ProjectConfigurationPlatforms) = postSolution
		{5CF4C6B4-4DA0-4EFF-9836-F7BFBF9B3787}.Debug|Any CPU.ActiveCfg = Debug|Any CPU
		{5CF4C6B4-4DA0-4EFF-9836-F7BFBF9B3787}.Debug|Any CPU.Build.0 = Debug|Any CPU
		{5CF4C6B4-4DA0-4EFF-9836-F7BFBF9B3787}.Debug|x64.ActiveCfg = Debug|Any CPU
		{5CF4C6B4-4DA0-4EFF-9836-F7BFBF9B3787}.Debug|x64.Build.0 = Debug|Any CPU
		{5CF4C6B4-4DA0-4EFF-9836-F7BFBF9B3787}.Debug|x86.ActiveCfg = Debug|Any CPU
		{5CF4C6B4-4DA0-4EFF-9836-F7BFBF9B3787}.Debug|x86.Build.0 = Debug|Any CPU
		{5CF4C6B4-4DA0-4EFF-9836-F7BFBF9B3787}.Release|Any CPU.ActiveCfg = Release|Any CPU
		{5CF4C6B4-4DA0-4EFF-9836-F7BFBF9B3787}.Release|Any CPU.Build.0 = Release|Any CPU
		{5CF4C6B4-4DA0-4EFF-9836-F7BFBF9B3787}.Release|x64.ActiveCfg = Release|Any CPU
		{5CF4C6B4-4DA0-4EFF-9836-F7BFBF9B3787}.Release|x64.Build.0 = Release|Any CPU
		{5CF4C6B4-4DA0-4EFF-9836-F7BFBF9B3787}.Release|x86.ActiveCfg = Release|Any CPU
		{5CF4C6B4-4DA0-4EFF-9836-F7BFBF9B3787}.Release|x86.Build.0 = Release|Any CPU
		{15F88285-8B50-4B23-AD01-99672EEC1EDE}.Debug|Any CPU.ActiveCfg = Debug|Any CPU
		{15F88285-8B50-4B23-AD01-99672EEC1EDE}.Debug|Any CPU.Build.0 = Debug|Any CPU
		{15F88285-8B50-4B23-AD01-99672EEC1EDE}.Debug|x64.ActiveCfg = Debug|Any CPU
		{15F88285-8B50-4B23-AD01-99672EEC1EDE}.Debug|x64.Build.0 = Debug|Any CPU
		{15F88285-8B50-4B23-AD01-99672EEC1EDE}.Debug|x86.ActiveCfg = Debug|Any CPU
		{15F88285-8B50-4B23-AD01-99672EEC1EDE}.Debug|x86.Build.0 = Debug|Any CPU
		{15F88285-8B50-4B23-AD01-99672EEC1EDE}.Release|Any CPU.ActiveCfg = Release|Any CPU
		{15F88285-8B50-4B23-AD01-99672EEC1EDE}.Release|Any CPU.Build.0 = Release|Any CPU
		{15F88285-8B50-4B23-AD01-99672EEC1EDE}.Release|x64.ActiveCfg = Release|Any CPU
		{15F88285-8B50-4B23-AD01-99672EEC1EDE}.Release|x64.Build.0 = Release|Any CPU
		{15F88285-8B50-4B23-AD01-99672EEC1EDE}.Release|x86.ActiveCfg = Release|Any CPU
		{15F88285-8B50-4B23-AD01-99672EEC1EDE}.Release|x86.Build.0 = Release|Any CPU
		{53891666-0840-4512-80EC-880010E9D95E}.Debug|Any CPU.ActiveCfg = Debug|Any CPU
		{53891666-0840-4512-80EC-880010E9D95E}.Debug|Any CPU.Build.0 = Debug|Any CPU
		{53891666-0840-4512-80EC-880010E9D95E}.Debug|x64.ActiveCfg = Debug|Any CPU
		{53891666-0840-4512-80EC-880010E9D95E}.Debug|x64.Build.0 = Debug|Any CPU
		{53891666-0840-4512-80EC-880010E9D95E}.Debug|x86.ActiveCfg = Debug|Any CPU
		{53891666-0840-4512-80EC-880010E9D95E}.Debug|x86.Build.0 = Debug|Any CPU
		{53891666-0840-4512-80EC-880010E9D95E}.Release|Any CPU.ActiveCfg = Release|Any CPU
		{53891666-0840-4512-80EC-880010E9D95E}.Release|Any CPU.Build.0 = Release|Any CPU
		{53891666-0840-4512-80EC-880010E9D95E}.Release|x64.ActiveCfg = Release|Any CPU
		{53891666-0840-4512-80EC-880010E9D95E}.Release|x64.Build.0 = Release|Any CPU
		{53891666-0840-4512-80EC-880010E9D95E}.Release|x86.ActiveCfg = Release|Any CPU
		{53891666-0840-4512-80EC-880010E9D95E}.Release|x86.Build.0 = Release|Any CPU
		{DD5D636A-4220-40A4-9ABB-5491E96BAA66}.Debug|Any CPU.ActiveCfg = Debug|Any CPU
		{DD5D636A-4220-40A4-9ABB-5491E96BAA66}.Debug|Any CPU.Build.0 = Debug|Any CPU
		{DD5D636A-4220-40A4-9ABB-5491E96BAA66}.Debug|x64.ActiveCfg = Debug|Any CPU
		{DD5D636A-4220-40A4-9ABB-5491E96BAA66}.Debug|x64.Build.0 = Debug|Any CPU
		{DD5D636A-4220-40A4-9ABB-5491E96BAA66}.Debug|x86.ActiveCfg = Debug|Any CPU
		{DD5D636A-4220-40A4-9ABB-5491E96BAA66}.Debug|x86.Build.0 = Debug|Any CPU
		{DD5D636A-4220-40A4-9ABB-5491E96BAA66}.Release|Any CPU.ActiveCfg = Release|Any CPU
		{DD5D636A-4220-40A4-9ABB-5491E96BAA66}.Release|Any CPU.Build.0 = Release|Any CPU
		{DD5D636A-4220-40A4-9ABB-5491E96BAA66}.Release|x64.ActiveCfg = Release|Any CPU
		{DD5D636A-4220-40A4-9ABB-5491E96BAA66}.Release|x64.Build.0 = Release|Any CPU
		{DD5D636A-4220-40A4-9ABB-5491E96BAA66}.Release|x86.ActiveCfg = Release|Any CPU
		{DD5D636A-4220-40A4-9ABB-5491E96BAA66}.Release|x86.Build.0 = Release|Any CPU
		{93DE9FE8-8580-46DB-9FB5-E172AAF80548}.Debug|Any CPU.ActiveCfg = Debug|Any CPU
		{93DE9FE8-8580-46DB-9FB5-E172AAF80548}.Debug|Any CPU.Build.0 = Debug|Any CPU
		{93DE9FE8-8580-46DB-9FB5-E172AAF80548}.Debug|x64.ActiveCfg = Debug|Any CPU
		{93DE9FE8-8580-46DB-9FB5-E172AAF80548}.Debug|x64.Build.0 = Debug|Any CPU
		{93DE9FE8-8580-46DB-9FB5-E172AAF80548}.Debug|x86.ActiveCfg = Debug|Any CPU
		{93DE9FE8-8580-46DB-9FB5-E172AAF80548}.Debug|x86.Build.0 = Debug|Any CPU
		{93DE9FE8-8580-46DB-9FB5-E172AAF80548}.Release|Any CPU.ActiveCfg = Release|Any CPU
		{93DE9FE8-8580-46DB-9FB5-E172AAF80548}.Release|Any CPU.Build.0 = Release|Any CPU
		{93DE9FE8-8580-46DB-9FB5-E172AAF80548}.Release|x64.ActiveCfg = Release|Any CPU
		{93DE9FE8-8580-46DB-9FB5-E172AAF80548}.Release|x64.Build.0 = Release|Any CPU
		{93DE9FE8-8580-46DB-9FB5-E172AAF80548}.Release|x86.ActiveCfg = Release|Any CPU
		{93DE9FE8-8580-46DB-9FB5-E172AAF80548}.Release|x86.Build.0 = Release|Any CPU
		{43E74711-A67B-45FF-BFD3-2BE8A60B383C}.Debug|Any CPU.ActiveCfg = Debug|Any CPU
		{43E74711-A67B-45FF-BFD3-2BE8A60B383C}.Debug|Any CPU.Build.0 = Debug|Any CPU
		{43E74711-A67B-45FF-BFD3-2BE8A60B383C}.Debug|x64.ActiveCfg = Debug|Any CPU
		{43E74711-A67B-45FF-BFD3-2BE8A60B383C}.Debug|x64.Build.0 = Debug|Any CPU
		{43E74711-A67B-45FF-BFD3-2BE8A60B383C}.Debug|x86.ActiveCfg = Debug|Any CPU
		{43E74711-A67B-45FF-BFD3-2BE8A60B383C}.Debug|x86.Build.0 = Debug|Any CPU
		{43E74711-A67B-45FF-BFD3-2BE8A60B383C}.Release|Any CPU.ActiveCfg = Release|Any CPU
		{43E74711-A67B-45FF-BFD3-2BE8A60B383C}.Release|Any CPU.Build.0 = Release|Any CPU
		{43E74711-A67B-45FF-BFD3-2BE8A60B383C}.Release|x64.ActiveCfg = Release|Any CPU
		{43E74711-A67B-45FF-BFD3-2BE8A60B383C}.Release|x64.Build.0 = Release|Any CPU
		{43E74711-A67B-45FF-BFD3-2BE8A60B383C}.Release|x86.ActiveCfg = Release|Any CPU
		{43E74711-A67B-45FF-BFD3-2BE8A60B383C}.Release|x86.Build.0 = Release|Any CPU
	EndGlobalSection
	GlobalSection(SolutionProperties) = preSolution
		HideSolutionNode = FALSE
	EndGlobalSection
	GlobalSection(ExtensibilityGlobals) = postSolution
		SolutionGuid = {B3466EB5-EC29-4918-913D-FCB61549C2A5}
	EndGlobalSection
EndGlobal
